
Microsoft Visual Studio Solution File, Format Version 12.00
# Visual Studio Version 16
VisualStudioVersion = 16.0.32228.343
MinimumVisualStudioVersion = 10.0.40219.1
Project("{FAE04EC0-301F-11D3-BF4B-00C04F79EFBC}") = "WebApiDemo", "WebApiDemo\WebApiDemo.csproj", "{389E6FB2-82AD-4A09-96ED-A96072B27335}"
EndProject
Project("{FAE04EC0-301F-11D3-BF4B-00C04F79EFBC}") = "WebApiDemo2", "WebApiDemo2\WebApiDemo2.csproj", "{6934B013-104C-4CC6-BE0A-84C7E09DD4CA}"
EndProject
Global
	GlobalSection(SolutionConfigurationPlatforms) = preSolution
		Debug|Any CPU = Debug|Any CPU
		Release|Any CPU = Release|Any CPU
	EndGlobalSection
	GlobalSection(ProjectConfigurationPlatforms) = postSolution
		{389E6FB2-82AD-4A09-96ED-A96072B27335}.Debug|Any CPU.ActiveCfg = Debug|Any CPU
		{389E6FB2-82AD-4A09-96ED-A96072B27335}.Debug|Any CPU.Build.0 = Debug|Any CPU
		{389E6FB2-82AD-4A09-96ED-A96072B27335}.Release|Any CPU.ActiveCfg = Release|Any CPU
		{389E6FB2-82AD-4A09-96ED-A96072B27335}.Release|Any CPU.Build.0 = Release|Any CPU
		{6934B013-104C-4CC6-BE0A-84C7E09DD4CA}.Debug|Any CPU.ActiveCfg = Debug|Any CPU
		{6934B013-104C-4CC6-BE0A-84C7E09DD4CA}.Debug|Any CPU.Build.0 = Debug|Any CPU
		{6934B013-104C-4CC6-BE0A-84C7E09DD4CA}.Release|Any CPU.ActiveCfg = Release|Any CPU
		{6934B013-104C-4CC6-BE0A-84C7E09DD4CA}.Release|Any CPU.Build.0 = Release|Any CPU
	EndGlobalSection
	GlobalSection(SolutionProperties) = preSolution
		HideSolutionNode = FALSE
	EndGlobalSection
	GlobalSection(ExtensibilityGlobals) = postSolution
		SolutionGuid = {FE849EA8-6E4B-40C9-91FD-A25F6E560757}
	EndGlobalSection
EndGlobal
